Microsoft Visual Studio Solution File, Format Version 12.00
# Visual Studio Version 17
VisualStudioVersion = 17.0.31912.275
MinimumVisualStudioVersion = 10.0.40219.1
Project("{9A19103F-16F7-4668-BE54-9A1E7A4F7556}") = "GuessGame.Core", "src/GuessGame.Core/GuessGame.Core.csproj", "{4D8C7B2E-13A9-497D-B5D1-A4D605EA0C1B}"
EndProject
Project("{9A19103F-16F7-4668-BE54-9A1E7A4F7556}") = "GuessGame.DAL", "src/GuessGame.DAL/GuessGame.DAL.csproj", "{FDC728B1-710A-4A6B-BD88-3F5D307F9EDC}"
EndProject
Project("{9A19103F-16F7-4668-BE54-9A1E7A4F7556}") = "GuessGame.BLL", "src/GuessGame.BLL/GuessGame.BLL.csproj", "{B4684E5C-93BF-4C70-BA14-D111074B90A8}"
EndProject
Project("{9A19103F-16F7-4668-BE54-9A1E7A4F7556}") = "GuessGame.UI", "src/GuessGame.UI/GuessGame.UI.csproj", "{0C8F572E-DF0B-4604-B38E-0EB4ABDBF28A}"
EndProject
Project("{9A19103F-16F7-4668-BE54-9A1E7A4F7556}") = "GuessGameSingle", "GuessGameSingle\GuessGameSingle.csproj", "{63C1F61C-3C58-4A7B-9E4F-0B9D88E0C3B8}"
EndProject
Global
	GlobalSection(SolutionConfigurationPlatforms) = preSolution
		Debug|Any CPU = Debug|Any CPU
		Release|Any CPU = Release|Any CPU
	EndGlobalSection
	GlobalSection(ProjectConfigurationPlatforms) = postSolution
		{4D8C7B2E-13A9-497D-B5D1-A4D605EA0C1B}.Debug|Any CPU.ActiveCfg = Debug|Any CPU
		{4D8C7B2E-13A9-497D-B5D1-A4D605EA0C1B}.Debug|Any CPU.Build.0 = Debug|Any CPU
		{4D8C7B2E-13A9-497D-B5D1-A4D605EA0C1B}.Release|Any CPU.ActiveCfg = Release|Any CPU
		{4D8C7B2E-13A9-497D-B5D1-A4D605EA0C1B}.Release|Any CPU.Build.0 = Release|Any CPU
		{FDC728B1-710A-4A6B-BD88-3F5D307F9EDC}.Debug|Any CPU.ActiveCfg = Debug|Any CPU
		{FDC728B1-710A-4A6B-BD88-3F5D307F9EDC}.Debug|Any CPU.Build.0 = Debug|Any CPU
		{FDC728B1-710A-4A6B-BD88-3F5D307F9EDC}.Release|Any CPU.ActiveCfg = Release|Any CPU
		{FDC728B1-710A-4A6B-BD88-3F5D307F9EDC}.Release|Any CPU.Build.0 = Release|Any CPU
		{B4684E5C-93BF-4C70-BA14-D111074B90A8}.Debug|Any CPU.ActiveCfg = Debug|Any CPU
		{B4684E5C-93BF-4C70-BA14-D111074B90A8}.Debug|Any CPU.Build.0 = Debug|Any CPU
		{B4684E5C-93BF-4C70-BA14-D111074B90A8}.Release|Any CPU.ActiveCfg = Release|Any CPU
		{B4684E5C-93BF-4C70-BA14-D111074B90A8}.Release|Any CPU.Build.0 = Release|Any CPU
		{0C8F572E-DF0B-4604-B38E-0EB4ABDBF28A}.Debug|Any CPU.ActiveCfg = Debug|Any CPU
		{0C8F572E-DF0B-4604-B38E-0EB4ABDBF28A}.Debug|Any CPU.Build.0 = Debug|Any CPU
		{0C8F572E-DF0B-4604-B38E-0EB4ABDBF28A}.Release|Any CPU.ActiveCfg = Release|Any CPU
		{0C8F572E-DF0B-4604-B38E-0EB4ABDBF28A}.Release|Any CPU.Build.0 = Release|Any CPU
		{63C1F61C-3C58-4A7B-9E4F-0B9D88E0C3B8}.Debug|Any CPU.ActiveCfg = Debug|Any CPU
		{63C1F61C-3C58-4A7B-9E4F-0B9D88E0C3B8}.Debug|Any CPU.Build.0 = Debug|Any CPU
		{63C1F61C-3C58-4A7B-9E4F-0B9D88E0C3B8}.Release|Any CPU.ActiveCfg = Release|Any CPU
		{63C1F61C-3C58-4A7B-9E4F-0B9D88E0C3B8}.Release|Any CPU.Build.0 = Release|Any CPU
	EndGlobalSection
	GlobalSection(SolutionProperties) = preSolution
		HideSolutionNode = FALSE
	EndGlobalSection
	GlobalSection(ExtensibilityGlobals) = postSolution
		SolutionGuid = {3FD057DB-ACD4-4E5E-BEA3-55E6B25D2192}
	EndGlobalSection
EndGlobal

